
Microsoft Visual Studio Solution File, Format Version 12.00
# Visual Studio Version 17
VisualStudioVersion = 17.8.34309.116
MinimumVisualStudioVersion = 10.0.40219.1
Project("{FAE04EC0-301F-11D3-BF4B-00C04F79EFBC}") = "Bulky", "Bulky\Bulky.csproj", "{3097AC44-D4FE-4EAD-A8B3-CCE008F306A7}"
EndProject
Global
	GlobalSection(SolutionConfigurationPlatforms) = preSolution
		Debug|Any CPU = Debug|Any CPU
		Release|Any CPU = Release|Any CPU
	EndGlobalSection
	GlobalSection(ProjectConfigurationPlatforms) = postSolution
		{3097AC44-D4FE-4EAD-A8B3-CCE008F306A7}.Debug|Any CPU.ActiveCfg = Debug|Any CPU
		{3097AC44-D4FE-4EAD-A8B3-CCE008F306A7}.Debug|Any CPU.Build.0 = Debug|Any CPU
		{3097AC44-D4FE-4EAD-A8B3-CCE008F306A7}.Release|Any CPU.ActiveCfg = Release|Any CPU
		{3097AC44-D4FE-4EAD-A8B3-CCE008F306A7}.Release|Any CPU.Build.0 = Release|Any CPU
	EndGlobalSection
	GlobalSection(SolutionProperties) = preSolution
		HideSolutionNode = FALSE
	EndGlobalSection
	GlobalSection(ExtensibilityGlobals) = postSolution
		SolutionGuid = {39798803-C0B3-4204-B971-84C1C3B3505A}
	EndGlobalSection
EndGlobal
