
Microsoft Visual Studio Solution File, Format Version 12.00
# Visual Studio Version 17
VisualStudioVersion = 17.8.34309.116
MinimumVisualStudioVersion = 10.0.40219.1
Project("{FAE04EC0-301F-11D3-BF4B-00C04F79EFBC}") = "CodeAcademy.PL", "CodeAcademy.PL\CodeAcademy.PL.csproj", "{921FDC6C-BBD5-4FE9-AF3B-CF3182066714}"
EndProject
Project("{FAE04EC0-301F-11D3-BF4B-00C04F79EFBC}") = "CodeAcademy.BLL", "CodeAcademy.BLL\CodeAcademy.BLL.csproj", "{E2A8385E-7473-412D-AC2F-C30554B1BD9E}"
EndProject
Project("{FAE04EC0-301F-11D3-BF4B-00C04F79EFBC}") = "CodeAcademy.DAL", "CodeAcademy.DAL\CodeAcademy.DAL.csproj", "{B04FF5D2-C7C9-4281-87DF-FACB1006D0A9}"
EndProject
Global
	GlobalSection(SolutionConfigurationPlatforms) = preSolution
		Debug|Any CPU = Debug|Any CPU
		Release|Any CPU = Release|Any CPU
	EndGlobalSection
	GlobalSection(ProjectConfigurationPlatforms) = postSolution
		{921FDC6C-BBD5-4FE9-AF3B-CF3182066714}.Debug|Any CPU.ActiveCfg = Debug|Any CPU
		{921FDC6C-BBD5-4FE9-AF3B-CF3182066714}.Debug|Any CPU.Build.0 = Debug|Any CPU
		{921FDC6C-BBD5-4FE9-AF3B-CF3182066714}.Release|Any CPU.ActiveCfg = Release|Any CPU
		{921FDC6C-BBD5-4FE9-AF3B-CF3182066714}.Release|Any CPU.Build.0 = Release|Any CPU
		{E2A8385E-7473-412D-AC2F-C30554B1BD9E}.Debug|Any CPU.ActiveCfg = Debug|Any CPU
		{E2A8385E-7473-412D-AC2F-C30554B1BD9E}.Debug|Any CPU.Build.0 = Debug|Any CPU
		{E2A8385E-7473-412D-AC2F-C30554B1BD9E}.Release|Any CPU.ActiveCfg = Release|Any CPU
		{E2A8385E-7473-412D-AC2F-C30554B1BD9E}.Release|Any CPU.Build.0 = Release|Any CPU
		{B04FF5D2-C7C9-4281-87DF-FACB1006D0A9}.Debug|Any CPU.ActiveCfg = Debug|Any CPU
		{B04FF5D2-C7C9-4281-87DF-FACB1006D0A9}.Debug|Any CPU.Build.0 = Debug|Any CPU
		{B04FF5D2-C7C9-4281-87DF-FACB1006D0A9}.Release|Any CPU.ActiveCfg = Release|Any CPU
		{B04FF5D2-C7C9-4281-87DF-FACB1006D0A9}.Release|Any CPU.Build.0 = Release|Any CPU
	EndGlobalSection
	GlobalSection(SolutionProperties) = preSolution
		HideSolutionNode = FALSE
	EndGlobalSection
	GlobalSection(ExtensibilityGlobals) = postSolution
		SolutionGuid = {6098F3CF-0FAB-428F-BE9F-B457CB05D19A}
	EndGlobalSection
EndGlobal
