
Microsoft Visual Studio Solution File, Format Version 12.00
# Visual Studio Version 17
VisualStudioVersion = 17.8.34309.116
MinimumVisualStudioVersion = 10.0.40219.1
Project("{FAE04EC0-301F-11D3-BF4B-00C04F79EFBC}") = "ContactMeASP", "ContactMeASP\ContactMeASP.csproj", "{36F012D7-F906-460A-89C1-FD8D561ED1CF}"
EndProject
Global
	GlobalSection(SolutionConfigurationPlatforms) = preSolution
		Debug|Any CPU = Debug|Any CPU
		Release|Any CPU = Release|Any CPU
	EndGlobalSection
	GlobalSection(ProjectConfigurationPlatforms) = postSolution
		{36F012D7-F906-460A-89C1-FD8D561ED1CF}.Debug|Any CPU.ActiveCfg = Debug|Any CPU
		{36F012D7-F906-460A-89C1-FD8D561ED1CF}.Debug|Any CPU.Build.0 = Debug|Any CPU
		{36F012D7-F906-460A-89C1-FD8D561ED1CF}.Release|Any CPU.ActiveCfg = Release|Any CPU
		{36F012D7-F906-460A-89C1-FD8D561ED1CF}.Release|Any CPU.Build.0 = Release|Any CPU
	EndGlobalSection
	GlobalSection(SolutionProperties) = preSolution
		HideSolutionNode = FALSE
	EndGlobalSection
	GlobalSection(ExtensibilityGlobals) = postSolution
		SolutionGuid = {4E5F3267-3BB6-4B0C-A40B-0E01C399BE2C}
	EndGlobalSection
EndGlobal
