
Microsoft Visual Studio Solution File, Format Version 12.00
# Visual Studio Version 17
VisualStudioVersion = 17.7.34003.232
MinimumVisualStudioVersion = 10.0.40219.1
Project("{9A19103F-16F7-4668-BE54-9A1E7A4F7556}") = "SystemClinc.DAL", "SystemClinc.DAL\SystemClinc.DAL.csproj", "{D87F4B76-A874-453A-AECA-3687630D9D72}"
EndProject
Project("{9A19103F-16F7-4668-BE54-9A1E7A4F7556}") = "SystemClinc.BLL", "SystemClinc.BLL\SystemClinc.BLL.csproj", "{6C51AB23-6DB7-4138-98CF-D065DD96238E}"
EndProject
Project("{9A19103F-16F7-4668-BE54-9A1E7A4F7556}") = "SystemClinc.PL", "SystemClinc\SystemClinc.PL.csproj", "{C82D9B02-0E7F-4C24-A202-AE789260C156}"
EndProject
Global
	GlobalSection(SolutionConfigurationPlatforms) = preSolution
		Debug|Any CPU = Debug|Any CPU
		Release|Any CPU = Release|Any CPU
	EndGlobalSection
	GlobalSection(ProjectConfigurationPlatforms) = postSolution
		{D87F4B76-A874-453A-AECA-3687630D9D72}.Debug|Any CPU.ActiveCfg = Debug|Any CPU
		{D87F4B76-A874-453A-AECA-3687630D9D72}.Debug|Any CPU.Build.0 = Debug|Any CPU
		{D87F4B76-A874-453A-AECA-3687630D9D72}.Release|Any CPU.ActiveCfg = Release|Any CPU
		{D87F4B76-A874-453A-AECA-3687630D9D72}.Release|Any CPU.Build.0 = Release|Any CPU
		{6C51AB23-6DB7-4138-98CF-D065DD96238E}.Debug|Any CPU.ActiveCfg = Debug|Any CPU
		{6C51AB23-6DB7-4138-98CF-D065DD96238E}.Debug|Any CPU.Build.0 = Debug|Any CPU
		{6C51AB23-6DB7-4138-98CF-D065DD96238E}.Release|Any CPU.ActiveCfg = Release|Any CPU
		{6C51AB23-6DB7-4138-98CF-D065DD96238E}.Release|Any CPU.Build.0 = Release|Any CPU
		{C82D9B02-0E7F-4C24-A202-AE789260C156}.Debug|Any CPU.ActiveCfg = Debug|Any CPU
		{C82D9B02-0E7F-4C24-A202-AE789260C156}.Debug|Any CPU.Build.0 = Debug|Any CPU
		{C82D9B02-0E7F-4C24-A202-AE789260C156}.Release|Any CPU.ActiveCfg = Release|Any CPU
		{C82D9B02-0E7F-4C24-A202-AE789260C156}.Release|Any CPU.Build.0 = Release|Any CPU
	EndGlobalSection
	GlobalSection(SolutionProperties) = preSolution
		HideSolutionNode = FALSE
	EndGlobalSection
	GlobalSection(ExtensibilityGlobals) = postSolution
		SolutionGuid = {E85893D3-D300-4A48-8B02-C391EFDE6F59}
	EndGlobalSection
EndGlobal
